// !$*UTF8*$!
{
	archiveVersion = 1;
	classes = {
	};
	objectVersion = 46;
	objects = {

/* Begin PBXBuildFile section */
		DAAFA4091D8FEC4700162CC6 /* main.m in Sources */ = {isa = PBXBuildFile; fileRef = DAAFA4081D8FEC4700162CC6 /* main.m */; };
		DAAFA40C1D8FEC4700162CC6 /* AppDelegate.m in Sources */ = {isa = PBXBuildFile; fileRef = DAAFA40B1D8FEC4700162CC6 /* AppDelegate.m */; };
		DAAFA40F1D8FEC4700162CC6 /* ViewController.m in Sources */ = {isa = PBXBuildFile; fileRef = DAAFA40E1D8FEC4700162CC6 /* ViewController.m */; };
		DAAFA4121D8FEC4700162CC6 /* Main.storyboard in Resources */ = {isa = PBXBuildFile; fileRef = DAAFA4101D8FEC4700162CC6 /* Main.storyboard */; };
		DAAFA4141D8FEC4700162CC6 /* Assets.xcassets in Resources */ = {isa = PBXBuildFile; fileRef = DAAFA4131D8FEC4700162CC6 /* Assets.xcassets */; };
		DAAFA4171D8FEC4700162CC6 /* LaunchScreen.storyboard in Resources */ = {isa = PBXBuildFile; fileRef = DAAFA4151D8FEC4700162CC6 /* LaunchScreen.storyboard */; };
		DAAFA4221D8FEC4700162CC6 /* GesturesTests.m in Sources */ = {isa = PBXBuildFile; fileRef = DAAFA4211D8FEC4700162CC6 /* GesturesTests.m */; };
		DAAFA42D1D8FEC4700162CC6 /* GesturesUITests.m in Sources */ = {isa = PBXBuildFile; fileRef = DAAFA42C1D8FEC4700162CC6 /* GesturesUITests.m */; };
/* End PBXBuildFile section */

/* Begin PBXContainerItemProxy section */
		DAAFA41E1D8FEC4700162CC6 /* PBXContainerItemProxy */ = {
			isa = PBXContainerItemProxy;
			containerPortal = DAAFA3FC1D8FEC4700162CC6 /* Project object */;
			proxyType = 1;
			remoteGlobalIDString = DAAFA4031D8FEC4700162CC6;
			remoteInfo = Gestures;
		};
		DAAFA4291D8FEC4700162CC6 /* PBXContainerItemProxy */ = {
			isa = PBXContainerItemProxy;
			containerPortal = DAAFA3FC1D8FEC4700162CC6 /* Project object */;
			proxyType = 1;
			remoteGlobalIDString = DAAFA4031D8FEC4700162CC6;
			remoteInfo = Gestures;
		};
/* End PBXContainerItemProxy section */

/* Begin PBXFileReference section */
		DAAFA4041D8FEC4700162CC6 /* Gestures.app */ = {isa = PBXFileReference; explicitFileType = wrapper.application; includeInIndex = 0; path = Gestures.app; sourceTree = BUILT_PRODUCTS_DIR; };
		DAAFA4081D8FEC4700162CC6 /* main.m */ = {isa = PBXFileReference; lastKnownFileType = sourcecode.c.objc; path = main.m; sourceTree = "<group>"; };
		DAAFA40A1D8FEC4700162CC6 /* AppDelegate.h */ = {isa = PBXFileReference; lastKnownFileType = sourcecode.c.h; path = AppDelegate.h; sourceTree = "<group>"; };
		DAAFA40B1D8FEC4700162CC6 /* AppDelegate.m */ = {isa = PBXFileReference; lastKnownFileType = sourcecode.c.objc; path = AppDelegate.m; sourceTree = "<group>"; };
		DAAFA40D1D8FEC4700162CC6 /* ViewController.h */ = {isa = PBXFileReference; lastKnownFileType = sourcecode.c.h; path = ViewController.h; sourceTree = "<group>"; };
		DAAFA40E1D8FEC4700162CC6 /* ViewController.m */ = {isa = PBXFileReference; lastKnownFileType = sourcecode.c.objc; path = ViewController.m; sourceTree = "<group>"; };
		DAAFA4111D8FEC4700162CC6 /* Base */ = {isa = PBXFileReference; lastKnownFileType = file.storyboard; name = Base; path = Base.lproj/Main.storyboard; sourceTree = "<group>"; };
		DAAFA4131D8FEC4700162CC6 /* Assets.xcassets */ = {isa = PBXFileReference; lastKnownFileType = folder.assetcatalog; path = Assets.xcassets; sourceTree = "<group>"; };
		DAAFA4161D8FEC4700162CC6 /* Base */ = {isa = PBXFileReference; lastKnownFileType = file.storyboard; name = Base; path = Base.lproj/LaunchScreen.storyboard; sourceTree = "<group>"; };
		DAAFA4181D8FEC4700162CC6 /* Info.plist */ = {isa = PBXFileReference; lastKnownFileType = text.plist.xml; path = Info.plist; sourceTree = "<group>"; };
		DAAFA41D1D8FEC4700162CC6 /* GesturesTests.xctest */ = {isa = PBXFileReference; explicitFileType = wrapper.cfbundle; includeInIndex = 0; path = GesturesTests.xctest; sourceTree = BUILT_PRODUCTS_DIR; };
		DAAFA4211D8FEC4700162CC6 /* GesturesTests.m */ = {isa = PBXFileReference; lastKnownFileType = sourcecode.c.objc; path = GesturesTests.m; sourceTree = "<group>"; };
		DAAFA4231D8FEC4700162CC6 /* Info.plist */ = {isa = PBXFileReference; lastKnownFileType = text.plist.xml; path = Info.plist; sourceTree = "<group>"; };
		DAAFA4281D8FEC4700162CC6 /* GesturesUITests.xctest */ = {isa = PBXFileReference; explicitFileType = wrapper.cfbundle; includeInIndex = 0; path = GesturesUITests.xctest; sourceTree = BUILT_PRODUCTS_DIR; };
		DAAFA42C1D8FEC4700162CC6 /* GesturesUITests.m */ = {isa = PBXFileReference; lastKnownFileType = sourcecode.c.objc; path = GesturesUITests.m; sourceTree = "<group>"; };
		DAAFA42E1D8FEC4700162CC6 /* Info.plist */ = {isa = PBXFileReference; lastKnownFileType = text.plist.xml; path = Info.plist; sourceTree = "<group>"; };
/* End PBXFileReference section */

/* Begin PBXFrameworksBuildPhase section */
		DAAFA4011D8FEC4700162CC6 /* Frameworks */ = {
			isa = PBXFrameworksBuildPhase;
			buildActionMask = 2147483647;
			files = (
			);
			runOnlyForDeploymentPostprocessing = 0;
		};
		DAAFA41A1D8FEC4700162CC6 /* Frameworks */ = {
			isa = PBXFrameworksBuildPhase;
			buildActionMask = 2147483647;
			files = (
			);
			runOnlyForDeploymentPostprocessing = 0;
		};
		DAAFA4251D8FEC4700162CC6 /* Frameworks */ = {
			isa = PBXFrameworksBuildPhase;
			buildActionMask = 2147483647;
			files = (
			);
			runOnlyForDeploymentPostprocessing = 0;
		};
/* End PBXFrameworksBuildPhase section */

/* Begin PBXGroup section */
		DAAFA3FB1D8FEC4700162CC6 = {
			isa = PBXGroup;
			children = (
				DAAFA4061D8FEC4700162CC6 /* Gestures */,
				DAAFA4201D8FEC4700162CC6 /* GesturesTests */,
				DAAFA42B1D8FEC4700162CC6 /* GesturesUITests */,
				DAAFA4051D8FEC4700162CC6 /* Products */,
			);
			sourceTree = "<group>";
		};
		DAAFA4051D8FEC4700162CC6 /* Products */ = {
			isa = PBXGroup;
			children = (
				DAAFA4041D8FEC4700162CC6 /* Gestures.app */,
				DAAFA41D1D8FEC4700162CC6 /* GesturesTests.xctest */,
				DAAFA4281D8FEC4700162CC6 /* GesturesUITests.xctest */,
			);
			name = Products;
			sourceTree = "<group>";
		};
		DAAFA4061D8FEC4700162CC6 /* Gestures */ = {
			isa = PBXGroup;
			children = (
				DAAFA40A1D8FEC4700162CC6 /* AppDelegate.h */,
				DAAFA40B1D8FEC4700162CC6 /* AppDelegate.m */,
				DAAFA40D1D8FEC4700162CC6 /* ViewController.h */,
				DAAFA40E1D8FEC4700162CC6 /* ViewController.m */,
				DAAFA4101D8FEC4700162CC6 /* Main.storyboard */,
				DAAFA4131D8FEC4700162CC6 /* Assets.xcassets */,
				DAAFA4151D8FEC4700162CC6 /* LaunchScreen.storyboard */,
				DAAFA4181D8FEC4700162CC6 /* Info.plist */,
				DAAFA4071D8FEC4700162CC6 /* Supporting Files */,
			);
			path = Gestures;
			sourceTree = "<group>";
		};
		DAAFA4071D8FEC4700162CC6 /* Supporting Files */ = {
			isa = PBXGroup;
			children = (
				DAAFA4081D8FEC4700162CC6 /* main.m */,
			);
			name = "Supporting Files";
			sourceTree = "<group>";
		};
		DAAFA4201D8FEC4700162CC6 /* GesturesTests */ = {
			isa = PBXGroup;
			children = (
				DAAFA4211D8FEC4700162CC6 /* GesturesTests.m */,
				DAAFA4231D8FEC4700162CC6 /* Info.plist */,
			);
			path = GesturesTests;
			sourceTree = "<group>";
		};
		DAAFA42B1D8FEC4700162CC6 /* GesturesUITests */ = {
			isa = PBXGroup;
			children = (
				DAAFA42C1D8FEC4700162CC6 /* GesturesUITests.m */,
				DAAFA42E1D8FEC4700162CC6 /* Info.plist */,
			);
			path = GesturesUITests;
			sourceTree = "<group>";
		};
/* End PBXGroup section */

/* Begin PBXNativeTarget section */
		DAAFA4031D8FEC4700162CC6 /* Gestures */ = {
			isa = PBXNativeTarget;
			buildConfigurationList = DAAFA4311D8FEC4700162CC6 /* Build configuration list for PBXNativeTarget "Gestures" */;
			buildPhases = (
				DAAFA4001D8FEC4700162CC6 /* Sources */,
				DAAFA4011D8FEC4700162CC6 /* Frameworks */,
				DAAFA4021D8FEC4700162CC6 /* Resources */,
			);
			buildRules = (
			);
			dependencies = (
			);
			name = Gestures;
			productName = Gestures;
			productReference = DAAFA4041D8FEC4700162CC6 /* Gestures.app */;
			productType = "com.apple.product-type.application";
		};
		DAAFA41C1D8FEC4700162CC6 /* GesturesTests */ = {
			isa = PBXNativeTarget;
			buildConfigurationList = DAAFA4341D8FEC4700162CC6 /* Build configuration list for PBXNativeTarget "GesturesTests" */;
			buildPhases = (
				DAAFA4191D8FEC4700162CC6 /* Sources */,
				DAAFA41A1D8FEC4700162CC6 /* Frameworks */,
				DAAFA41B1D8FEC4700162CC6 /* Resources */,
			);
			buildRules = (
			);
			dependencies = (
				DAAFA41F1D8FEC4700162CC6 /* PBXTargetDependency */,
			);
			name = GesturesTests;
			productName = GesturesTests;
			productReference = DAAFA41D1D8FEC4700162CC6 /* GesturesTests.xctest */;
			productType = "com.apple.product-type.bundle.unit-test";
		};
		DAAFA4271D8FEC4700162CC6 /* GesturesUITests */ = {
			isa = PBXNativeTarget;
			buildConfigurationList = DAAFA4371D8FEC4700162CC6 /* Build configuration list for PBXNativeTarget "GesturesUITests" */;
			buildPhases = (
				DAAFA4241D8FEC4700162CC6 /* Sources */,
				DAAFA4251D8FEC4700162CC6 /* Frameworks */,
				DAAFA4261D8FEC4700162CC6 /* Resources */,
			);
			buildRules = (
			);
			dependencies = (
				DAAFA42A1D8FEC4700162CC6 /* PBXTargetDependency */,
			);
			name = GesturesUITests;
			productName = GesturesUITests;
			productReference = DAAFA4281D8FEC4700162CC6 /* GesturesUITests.xctest */;
			productType = "com.apple.product-type.bundle.ui-testing";
		};
/* End PBXNativeTarget section */

/* Begin PBXProject section */
		DAAFA3FC1D8FEC4700162CC6 /* Project object */ = {
			isa = PBXProject;
			attributes = {
				LastUpgradeCheck = 0800;
				ORGANIZATIONNAME = "Nagam Pawan";
				TargetAttributes = {
					DAAFA4031D8FEC4700162CC6 = {
						CreatedOnToolsVersion = 8.0;
						ProvisioningStyle = Automatic;
					};
					DAAFA41C1D8FEC4700162CC6 = {
						CreatedOnToolsVersion = 8.0;
						ProvisioningStyle = Automatic;
						TestTargetID = DAAFA4031D8FEC4700162CC6;
					};
					DAAFA4271D8FEC4700162CC6 = {
						CreatedOnToolsVersion = 8.0;
						ProvisioningStyle = Automatic;
						TestTargetID = DAAFA4031D8FEC4700162CC6;
					};
				};
			};
			buildConfigurationList = DAAFA3FF1D8FEC4700162CC6 /* Build configuration list for PBXProject "Gestures" */;
			compatibilityVersion = "Xcode 3.2";
			developmentRegion = English;
			hasScannedForEncodings = 0;
			knownRegions = (
				en,
				Base,
			);
			mainGroup = DAAFA3FB1D8FEC4700162CC6;
			productRefGroup = DAAFA4051D8FEC4700162CC6 /* Products */;
			projectDirPath = "";
			projectRoot = "";
			targets = (
				DAAFA4031D8FEC4700162CC6 /* Gestures */,
				DAAFA41C1D8FEC4700162CC6 /* GesturesTests */,
				DAAFA4271D8FEC4700162CC6 /* GesturesUITests */,
			);
		};
/* End PBXProject section */

/* Begin PBXResourcesBuildPhase section */
		DAAFA4021D8FEC4700162CC6 /* Resources */ = {
			isa = PBXResourcesBuildPhase;
			buildActionMask = 2147483647;
			files = (
				DAAFA4171D8FEC4700162CC6 /* LaunchScreen.storyboard in Resources */,
				DAAFA4141D8FEC4700162CC6 /* Assets.xcassets in Resources */,
				DAAFA4121D8FEC4700162CC6 /* Main.storyboard in Resources */,
			);
			runOnlyForDeploymentPostprocessing = 0;
		};
		DAAFA41B1D8FEC4700162CC6 /* Resources */ = {
			isa = PBXResourcesBuildPhase;
			buildActionMask = 2147483647;
			files = (
			);
			runOnlyForDeploymentPostprocessing = 0;
		};
		DAAFA4261D8FEC4700162CC6 /* Resources */ = {
			isa = PBXResourcesBuildPhase;
			buildActionMask = 2147483647;
			files = (
			);
			runOnlyForDeploymentPostprocessing = 0;
		};
/* End PBXResourcesBuildPhase section */

/* Begin PBXSourcesBuildPhase section */
		DAAFA4001D8FEC4700162CC6 /* Sources */ = {
			isa = PBXSourcesBuildPhase;
			buildActionMask = 2147483647;
			files = (
				DAAFA40F1D8FEC4700162CC6 /* ViewController.m in Sources */,
				DAAFA40C1D8FEC4700162CC6 /* AppDelegate.m in Sources */,
				DAAFA4091D8FEC4700162CC6 /* main.m in Sources */,
			);
			runOnlyForDeploymentPostprocessing = 0;
		};
		DAAFA4191D8FEC4700162CC6 /* Sources */ = {
			isa = PBXSourcesBuildPhase;
			buildActionMask = 2147483647;
			files = (
				DAAFA4221D8FEC4700162CC6 /* GesturesTests.m in Sources */,
			);
			runOnlyForDeploymentPostprocessing = 0;
		};
		DAAFA4241D8FEC4700162CC6 /* Sources */ = {
			isa = PBXSourcesBuildPhase;
			buildActionMask = 2147483647;
			files = (
				DAAFA42D1D8FEC4700162CC6 /* GesturesUITests.m in Sources */,
			);
			runOnlyForDeploymentPostprocessing = 0;
		};
/* End PBXSourcesBuildPhase section */

/* Begin PBXTargetDependency section */
		DAAFA41F1D8FEC4700162CC6 /* PBXTargetDependency */ = {
			isa = PBXTargetDependency;
			target = DAAFA4031D8FEC4700162CC6 /* Gestures */;
			targetProxy = DAAFA41E1D8FEC4700162CC6 /* PBXContainerItemProxy */;
		};
		DAAFA42A1D8FEC4700162CC6 /* PBXTargetDependency */ = {
			isa = PBXTargetDependency;
			target = DAAFA4031D8FEC4700162CC6 /* Gestures */;
			targetProxy = DAAFA4291D8FEC4700162CC6 /* PBXContainerItemProxy */;
		};
/* End PBXTargetDependency section */

/* Begin PBXVariantGroup section */
		DAAFA4101D8FEC4700162CC6 /* Main.storyboard */ = {
			isa = PBXVariantGroup;
			children = (
				DAAFA4111D8FEC4700162CC6 /* Base */,
			);
			name = Main.storyboard;
			sourceTree = "<group>";
		};
		DAAFA4151D8FEC4700162CC6 /* LaunchScreen.storyboard */ = {
			isa = PBXVariantGroup;
			children = (
				DAAFA4161D8FEC4700162CC6 /* Base */,
			);
			name = LaunchScreen.storyboard;
			sourceTree = "<group>";
		};
/* End PBXVariantGroup section */

/* Begin XCBuildConfiguration section */
		DAAFA42F1D8FEC4700162CC6 /* Debug */ = {
			isa = XCBuildConfiguration;
			buildSettings = {
				ALWAYS_SEARCH_USER_PATHS = NO;
				CLANG_ANALYZER_NONNULL = YES;
				CLANG_CXX_LANGUAGE_STANDARD = "gnu++0x";
				CLANG_CXX_LIBRARY = "libc++";
				CLANG_ENABLE_MODULES = YES;
				CLANG_ENABLE_OBJC_ARC = YES;
				CLANG_WARN_BOOL_CONVERSION = YES;
				CLANG_WARN_CONSTANT_CONVERSION = YES;
				CLANG_WARN_DIRECT_OBJC_ISA_USAGE = YES_ERROR;
				CLANG_WARN_DOCUMENTATION_COMMENTS = YES;
				CLANG_WARN_EMPTY_BODY = YES;
				CLANG_WARN_ENUM_CONVERSION = YES;
				CLANG_WARN_INFINITE_RECURSION = YES;
				CLANG_WARN_INT_CONVERSION = YES;
				CLANG_WARN_OBJC_ROOT_CLASS = YES_ERROR;
				CLANG_WARN_SUSPICIOUS_MOVES = YES;
				CLANG_WARN_UNREACHABLE_CODE = YES;
				CLANG_WARN__DUPLICATE_METHOD_MATCH = YES;
				"CODE_SIGN_IDENTITY[sdk=iphoneos*]" = "iPhone Developer";
				COPY_PHASE_STRIP = NO;
				DEBUG_INFORMATION_FORMAT = dwarf;
				ENABLE_STRICT_OBJC_MSGSEND = YES;
				ENABLE_TESTABILITY = YES;
				GCC_C_LANGUAGE_STANDARD = gnu99;
				GCC_DYNAMIC_NO_PIC = NO;
				GCC_NO_COMMON_BLOCKS = YES;
				GCC_OPTIMIZATION_LEVEL = 0;
				GCC_PREPROCESSOR_DEFINITIONS = (
					"DEBUG=1",
					"$(inherited)",
				);
				GCC_WARN_64_TO_32_BIT_CONVERSION = YES;
				GCC_WARN_ABOUT_RETURN_TYPE = YES_ERROR;
				GCC_WARN_UNDECLARED_SELECTOR = YES;
				GCC_WARN_UNINITIALIZED_AUTOS = YES_AGGRESSIVE;
				GCC_WARN_UNUSED_FUNCTION = YES;
				GCC_WARN_UNUSED_VARIABLE = YES;
				IPHONEOS_DEPLOYMENT_TARGET = 10.0;
				MTL_ENABLE_DEBUG_INFO = YES;
				ONLY_ACTIVE_ARCH = YES;
				SDKROOT = iphoneos;
				TARGETED_DEVICE_FAMILY = "1,2";
			};
			name = Debug;
		};
		DAAFA4301D8FEC4700162CC6 /* Release */ = {
			isa = XCBuildConfiguration;
			buildSettings = {
				ALWAYS_SEARCH_USER_PATHS = NO;
				CLANG_ANALYZER_NONNULL = YES;
				CLANG_CXX_LANGUAGE_STANDARD = "gnu++0x";
				CLANG_CXX_LIBRARY = "libc++";
				CLANG_ENABLE_MODULES = YES;
				CLANG_ENABLE_OBJC_ARC = YES;
				CLANG_WARN_BOOL_CONVERSION = YES;
				CLANG_WARN_CONSTANT_CONVERSION = YES;
				CLANG_WARN_DIRECT_OBJC_ISA_USAGE = YES_ERROR;
				CLANG_WARN_DOCUMENTATION_COMMENTS = YES;
				CLANG_WARN_EMPTY_BODY = YES;
				CLANG_WARN_ENUM_CONVERSION = YES;
				CLANG_WARN_INFINITE_RECURSION = YES;
				CLANG_WARN_INT_CONVERSION = YES;
				CLANG_WARN_OBJC_ROOT_CLASS = YES_ERROR;
				CLANG_WARN_SUSPICIOUS_MOVES = YES;
				CLANG_WARN_UNREACHABLE_CODE = YES;
				CLANG_WARN__DUPLICATE_METHOD_MATCH = YES;
				"CODE_SIGN_IDENTITY[sdk=iphoneos*]" = "iPhone Developer";
				COPY_PHASE_STRIP = NO;
				DEBUG_INFORMATION_FORMAT = "dwarf-with-dsym";
				ENABLE_NS_ASSERTIONS = NO;
				ENABLE_STRICT_OBJC_MSGSEND = YES;
				GCC_C_LANGUAGE_STANDARD = gnu99;
				GCC_NO_COMMON_BLOCKS = YES;
				GCC_WARN_64_TO_32_BIT_CONVERSION = YES;
				GCC_WARN_ABOUT_RETURN_TYPE = YES_ERROR;
				GCC_WARN_UNDECLARED_SELECTOR = YES;
				GCC_WARN_UNINITIALIZED_AUTOS = YES_AGGRESSIVE;
				GCC_WARN_UNUSED_FUNCTION = YES;
				GCC_WARN_UNUSED_VARIABLE = YES;
				IPHONEOS_DEPLOYMENT_TARGET = 10.0;
				MTL_ENABLE_DEBUG_INFO = NO;
				SDKROOT = iphoneos;
				TARGETED_DEVICE_FAMILY = "1,2";
				VALIDATE_PRODUCT = YES;
			};
			name = Release;
		};
		DAAFA4321D8FEC4700162CC6 /* Debug */ = {
			isa = XCBuildConfiguration;
			buildSettings = {
				ASSETCATALOG_COMPILER_APPICON_NAME = AppIcon;
				INFOPLIST_FILE = Gestures/Info.plist;
				LD_RUNPATH_SEARCH_PATHS = "$(inherited) @executable_path/Frameworks";
				PRODUCT_BUNDLE_IDENTIFIER = Neorays.Gestures;
				PRODUCT_NAME = "$(TARGET_NAME)";
			};
			name = Debug;
		};
		DAAFA4331D8FEC4700162CC6 /* Release */ = {
			isa = XCBuildConfiguration;
			buildSettings = {
				ASSETCATALOG_COMPILER_APPICON_NAME = AppIcon;
				INFOPLIST_FILE = Gestures/Info.plist;
				LD_RUNPATH_SEARCH_PATHS = "$(inherited) @executable_path/Frameworks";
				PRODUCT_BUNDLE_IDENTIFIER = Neorays.Gestures;
				PRODUCT_NAME = "$(TARGET_NAME)";
			};
			name = Release;
		};
		DAAFA4351D8FEC4700162CC6 /* Debug */ = {
			isa = XCBuildConfiguration;
			buildSettings = {
				BUNDLE_LOADER = "$(TEST_HOST)";
				INFOPLIST_FILE = GesturesTests/Info.plist;
				LD_RUNPATH_SEARCH_PATHS = "$(inherited) @executable_path/Frameworks @loader_path/Frameworks";
				PRODUCT_BUNDLE_IDENTIFIER = Neorays.GesturesTests;
				PRODUCT_NAME = "$(TARGET_NAME)";
				TEST_HOST = "$(BUILT_PRODUCTS_DIR)/Gestures.app/Gestures";
			};
			name = Debug;
		};
		DAAFA4361D8FEC4700162CC6 /* Release */ = {
			isa = XCBuildConfiguration;
			buildSettings = {
				BUNDLE_LOADER = "$(TEST_HOST)";
				INFOPLIST_FILE = GesturesTests/Info.plist;
				LD_RUNPATH_SEARCH_PATHS = "$(inherited) @executable_path/Frameworks @loader_path/Frameworks";
				PRODUCT_BUNDLE_IDENTIFIER = Neorays.GesturesTests;
				PRODUCT_NAME = "$(TARGET_NAME)";
				TEST_HOST = "$(BUILT_PRODUCTS_DIR)/Gestures.app/Gestures";
			};
			name = Release;
		};
		DAAFA4381D8FEC4700162CC6 /* Debug */ = {
			isa = XCBuildConfiguration;
			buildSettings = {
				INFOPLIST_FILE = GesturesUITests/Info.plist;
				LD_RUNPATH_SEARCH_PATHS = "$(inherited) @executable_path/Frameworks @loader_path/Frameworks";
				PRODUCT_BUNDLE_IDENTIFIER = Neorays.GesturesUITests;
				PRODUCT_NAME = "$(TARGET_NAME)";
				TEST_TARGET_NAME = Gestures;
			};
			name = Debug;
		};
		DAAFA4391D8FEC4700162CC6 /* Release */ = {
			isa = XCBuildConfiguration;
			buildSettings = {
				INFOPLIST_FILE = GesturesUITests/Info.plist;
				LD_RUNPATH_SEARCH_PATHS = "$(inherited) @executable_path/Frameworks @loader_path/Frameworks";
				PRODUCT_BUNDLE_IDENTIFIER = Neorays.GesturesUITests;
				PRODUCT_NAME = "$(TARGET_NAME)";
				TEST_TARGET_NAME = Gestures;
			};
			name = Release;
		};
/* End XCBuildConfiguration section */

/* Begin XCConfigurationList section */
		DAAFA3FF1D8FEC4700162CC6 /* Build configuration list for PBXProject "Gestures" */ = {
			isa = XCConfigurationList;
			buildConfigurations = (
				DAAFA42F1D8FEC4700162CC6 /* Debug */,
				DAAFA4301D8FEC4700162CC6 /* Release */,
			);
			defaultConfigurationIsVisible = 0;
			defaultConfigurationName = Release;
		};
		DAAFA4311D8FEC4700162CC6 /* Build configuration list for PBXNativeTarget "Gestures" */ = {
			isa = XCConfigurationList;
			buildConfigurations = (
				DAAFA4321D8FEC4700162CC6 /* Debug */,
				DAAFA4331D8FEC4700162CC6 /* Release */,
			);
			defaultConfigurationIsVisible = 0;
		};
		DAAFA4341D8FEC4700162CC6 /* Build configuration list for PBXNativeTarget "GesturesTests" */ = {
			isa = XCConfigurationList;
			buildConfigurations = (
				DAAFA4351D8FEC4700162CC6 /* Debug */,
				DAAFA4361D8FEC4700162CC6 /* Release */,
			);
			defaultConfigurationIsVisible = 0;
		};
		DAAFA4371D8FEC4700162CC6 /* Build configuration list for PBXNativeTarget "GesturesUITests" */ = {
			isa = XCConfigurationList;
			buildConfigurations = (
				DAAFA4381D8FEC4700162CC6 /* Debug */,
				DAAFA4391D8FEC4700162CC6 /* Release */,
			);
			defaultConfigurationIsVisible = 0;
		};
/* End XCConfigurationList section */
	};
	rootObject = DAAFA3FC1D8FEC4700162CC6 /* Project object */;
}
